
Microsoft Visual Studio Solution File, Format Version 12.00
# Visual Studio 2013
VisualStudioVersion = 12.0.21005.1
MinimumVisualStudioVersion = 10.0.40219.1
Project("{FAE04EC0-301F-11D3-BF4B-00C04F79EFBC}") = "WorkSummarizer", "WorkSummarizer.csproj", "{730E9457-05E3-4F42-871F-DE09AAD55483}"
EndProject
Project("{FAE04EC0-301F-11D3-BF4B-00C04F79EFBC}") = "Graph", "..\Graph\Graph.csproj", "{15E4259E-F270-4E1C-B91F-D00A88621301}"
EndProject
Global
	GlobalSection(SolutionConfigurationPlatforms) = preSolution
		Debug|Any CPU = Debug|Any CPU
		Release|Any CPU = Release|Any CPU
	EndGlobalSection
	GlobalSection(ProjectConfigurationPlatforms) = postSolution
		{730E9457-05E3-4F42-871F-DE09AAD55483}.Debug|Any CPU.ActiveCfg = Debug|Any CPU
		{730E9457-05E3-4F42-871F-DE09AAD55483}.Debug|Any CPU.Build.0 = Debug|Any CPU
		{730E9457-05E3-4F42-871F-DE09AAD55483}.Release|Any CPU.ActiveCfg = Release|Any CPU
		{730E9457-05E3-4F42-871F-DE09AAD55483}.Release|Any CPU.Build.0 = Release|Any CPU
		{15E4259E-F270-4E1C-B91F-D00A88621301}.Debug|Any CPU.ActiveCfg = Debug|Any CPU
		{15E4259E-F270-4E1C-B91F-D00A88621301}.Debug|Any CPU.Build.0 = Debug|Any CPU
		{15E4259E-F270-4E1C-B91F-D00A88621301}.Release|Any CPU.ActiveCfg = Release|Any CPU
		{15E4259E-F270-4E1C-B91F-D00A88621301}.Release|Any CPU.Build.0 = Release|Any CPU
	EndGlobalSection
	GlobalSection(SolutionProperties) = preSolution
		HideSolutionNode = FALSE
	EndGlobalSection
EndGlobal
